
Microsoft Visual Studio Solution File, Format Version 12.00
# Visual Studio Version 17
VisualStudioVersion = 17.2.32602.215
MinimumVisualStudioVersion = 10.0.40219.1
Project("{FAE04EC0-301F-11D3-BF4B-00C04F79EFBC}") = "ApiPeliculasEFCore", "ApiPeliculasEFCore\ApiPeliculasEFCore.csproj", "{D96618D3-EDA0-4342-8686-D009C5F98F7A}"
EndProject
Global
	GlobalSection(SolutionConfigurationPlatforms) = preSolution
		Debug|Any CPU = Debug|Any CPU
		Release|Any CPU = Release|Any CPU
	EndGlobalSection
	GlobalSection(ProjectConfigurationPlatforms) = postSolution
		{D96618D3-EDA0-4342-8686-D009C5F98F7A}.Debug|Any CPU.ActiveCfg = Debug|Any CPU
		{D96618D3-EDA0-4342-8686-D009C5F98F7A}.Debug|Any CPU.Build.0 = Debug|Any CPU
		{D96618D3-EDA0-4342-8686-D009C5F98F7A}.Release|Any CPU.ActiveCfg = Release|Any CPU
		{D96618D3-EDA0-4342-8686-D009C5F98F7A}.Release|Any CPU.Build.0 = Release|Any CPU
	EndGlobalSection
	GlobalSection(SolutionProperties) = preSolution
		HideSolutionNode = FALSE
	EndGlobalSection
	GlobalSection(ExtensibilityGlobals) = postSolution
		SolutionGuid = {D17059FF-9B47-4B3E-91CE-C06E846FFF4E}
	EndGlobalSection
EndGlobal
